
Microsoft Visual Studio Solution File, Format Version 12.00
# Visual Studio Version 16
VisualStudioVersion = 16.0.30413.136
MinimumVisualStudioVersion = 10.0.40219.1
Project("{FAE04EC0-301F-11D3-BF4B-00C04F79EFBC}") = "Falcon", "Falcon\Falcon.csproj", "{65B8D331-06D6-4B41-B0D3-2665D135B708}"
EndProject
Global
	GlobalSection(SolutionConfigurationPlatforms) = preSolution
		Debug|Any CPU = Debug|Any CPU
		Release|Any CPU = Release|Any CPU
	EndGlobalSection
	GlobalSection(ProjectConfigurationPlatforms) = postSolution
		{65B8D331-06D6-4B41-B0D3-2665D135B708}.Debug|Any CPU.ActiveCfg = Debug|Any CPU
		{65B8D331-06D6-4B41-B0D3-2665D135B708}.Debug|Any CPU.Build.0 = Debug|Any CPU
		{65B8D331-06D6-4B41-B0D3-2665D135B708}.Release|Any CPU.ActiveCfg = Release|Any CPU
		{65B8D331-06D6-4B41-B0D3-2665D135B708}.Release|Any CPU.Build.0 = Release|Any CPU
	EndGlobalSection
	GlobalSection(SolutionProperties) = preSolution
		HideSolutionNode = FALSE
	EndGlobalSection
	GlobalSection(ExtensibilityGlobals) = postSolution
		SolutionGuid = {5B8A50AE-4F8C-4B1C-9210-C643CBC56C97}
	EndGlobalSection
EndGlobal
